// !$*UTF8*$!
{
	archiveVersion = 1;
	classes = {
	};
	objectVersion = 46;
	objects = {

/* Begin PBXBuildFile section */
		5131CFEE1EE905C6006E99DC /* CallInteractionProvider.swift in Sources */ = {isa = PBXBuildFile; fileRef = 5131CFED1EE905C6006E99DC /* CallInteractionProvider.swift */; };
		513880431EE1260A008150BC /* Call.swift in Sources */ = {isa = PBXBuildFile; fileRef = 513880421EE1260A008150BC /* Call.swift */; };
		513880451EE12645008150BC /* UUID+Utils.swift in Sources */ = {isa = PBXBuildFile; fileRef = 513880441EE12645008150BC /* UUID+Utils.swift */; };
		513ABA391F0CA41000FE9FD0 /* SettingsTableViewController.swift in Sources */ = {isa = PBXBuildFile; fileRef = 513ABA381F0CA41000FE9FD0 /* SettingsTableViewController.swift */; };
		513ABA3B1F0CA61200FE9FD0 /* SettingsSectionView.xib in Resources */ = {isa = PBXBuildFile; fileRef = 513ABA3A1F0CA61200FE9FD0 /* SettingsSectionView.xib */; };
		513ABA3E1F0CA92900FE9FD0 /* SettingsSectionView.swift in Sources */ = {isa = PBXBuildFile; fileRef = 513ABA3D1F0CA92900FE9FD0 /* SettingsSectionView.swift */; };
		514AE33F1F035B97004384E6 /* Array+Utils.swift in Sources */ = {isa = PBXBuildFile; fileRef = 514AE33E1F035B97004384E6 /* Array+Utils.swift */; };
		5156E06A1EDE71730036E45F /* PalTableViewCell.swift in Sources */ = {isa = PBXBuildFile; fileRef = 5156E0691EDE71730036E45F /* PalTableViewCell.swift */; };
		5156E06C1EDE8FA30036E45F /* NetService+Utils.swift in Sources */ = {isa = PBXBuildFile; fileRef = 5156E06B1EDE8FA30036E45F /* NetService+Utils.swift */; };
		5175FCB91ECE9F1200A28166 /* AppDelegate.swift in Sources */ = {isa = PBXBuildFile; fileRef = 5175FCB81ECE9F1200A28166 /* AppDelegate.swift */; };
		5175FCBE1ECE9F1200A28166 /* Main.storyboard in Resources */ = {isa = PBXBuildFile; fileRef = 5175FCBC1ECE9F1200A28166 /* Main.storyboard */; };
		5175FCC01ECE9F1200A28166 /* Assets.xcassets in Resources */ = {isa = PBXBuildFile; fileRef = 5175FCBF1ECE9F1200A28166 /* Assets.xcassets */; };
		5175FCC31ECE9F1200A28166 /* LaunchScreen.storyboard in Resources */ = {isa = PBXBuildFile; fileRef = 5175FCC11ECE9F1200A28166 /* LaunchScreen.storyboard */; };
		5175FCCE1ECE9F1200A28166 /* AudioPalTests.swift in Sources */ = {isa = PBXBuildFile; fileRef = 5175FCCD1ECE9F1200A28166 /* AudioPalTests.swift */; };
		5175FCD91ECEA1B300A28166 /* PalsTableViewController.swift in Sources */ = {isa = PBXBuildFile; fileRef = 5175FCD81ECEA1B300A28166 /* PalsTableViewController.swift */; };
		5175FCDB1ECEA3D900A28166 /* Constants.swift in Sources */ = {isa = PBXBuildFile; fileRef = 5175FCDA1ECEA3D900A28166 /* Constants.swift */; };
		5175FCDD1ECEAF0900A28166 /* SetNameViewController.swift in Sources */ = {isa = PBXBuildFile; fileRef = 5175FCDC1ECEAF0900A28166 /* SetNameViewController.swift */; };
		5190CB651F0F3126003B4271 /* InfoViewController.swift in Sources */ = {isa = PBXBuildFile; fileRef = 5190CB641F0F3126003B4271 /* InfoViewController.swift */; };
		519B8B4B1F02150F0048FB82 /* EmptyTable.xib in Resources */ = {isa = PBXBuildFile; fileRef = 519B8B4A1F02150F0048FB82 /* EmptyTable.xib */; };
		519B8B4D1F0223010048FB82 /* UIImage+Utils.swift in Sources */ = {isa = PBXBuildFile; fileRef = 519B8B4C1F0223010048FB82 /* UIImage+Utils.swift */; };
		519D696F1ED3EC6B00271B2C /* CallManager.swift in Sources */ = {isa = PBXBuildFile; fileRef = 519D696E1ED3EC6B00271B2C /* CallManager.swift */; };
		519D69711ED3EFEC00271B2C /* NearbyPal.swift in Sources */ = {isa = PBXBuildFile; fileRef = 519D69701ED3EFEC00271B2C /* NearbyPal.swift */; };
		51B44C801EFCC48C0041656E /* UIColor+UNTAdditions.swift in Sources */ = {isa = PBXBuildFile; fileRef = 51B44C7F1EFCC48C0041656E /* UIColor+UNTAdditions.swift */; };
		51B813EA1EF19C38007CA2EA /* CallViewController.swift in Sources */ = {isa = PBXBuildFile; fileRef = 51B813E91EF19C38007CA2EA /* CallViewController.swift */; };
		51C8EAE41EDFDA9B0029271C /* ADProcessor.m in Sources */ = {isa = PBXBuildFile; fileRef = 51C8EADD1EDFDA9B0029271C /* ADProcessor.m */; };
		51C8EAE51EDFDA9B0029271C /* AACELDDecoder.m in Sources */ = {isa = PBXBuildFile; fileRef = 51C8EADF1EDFDA9B0029271C /* AACELDDecoder.m */; };
		51C8EAE61EDFDA9B0029271C /* AACELDEncoder.m in Sources */ = {isa = PBXBuildFile; fileRef = 51C8EAE11EDFDA9B0029271C /* AACELDEncoder.m */; };
		51C8EAE71EDFDA9B0029271C /* EncodingUtils.cpp in Sources */ = {isa = PBXBuildFile; fileRef = 51C8EAE31EDFDA9B0029271C /* EncodingUtils.cpp */; };
		51DAD7411F0DED66009FD695 /* BlockedPalTableViewCell.swift in Sources */ = {isa = PBXBuildFile; fileRef = 51DAD7401F0DED66009FD695 /* BlockedPalTableViewCell.swift */; };
/* End PBXBuildFile section */

/* Begin PBXContainerItemProxy section */
		5175FCCA1ECE9F1200A28166 /* PBXContainerItemProxy */ = {
			isa = PBXContainerItemProxy;
			containerPortal = 5175FCAD1ECE9F1200A28166 /* Project object */;
			proxyType = 1;
			remoteGlobalIDString = 5175FCB41ECE9F1200A28166;
			remoteInfo = AudioPal;
		};
/* End PBXContainerItemProxy section */

/* Begin PBXFileReference section */
		5131CFED1EE905C6006E99DC /* CallInteractionProvider.swift */ = {isa = PBXFileReference; fileEncoding = 4; lastKnownFileType = sourcecode.swift; path = CallInteractionProvider.swift; sourceTree = "<group>"; };
		513880421EE1260A008150BC /* Call.swift */ = {isa = PBXFileReference; fileEncoding = 4; lastKnownFileType = sourcecode.swift; path = Call.swift; sourceTree = "<group>"; };
		513880441EE12645008150BC /* UUID+Utils.swift */ = {isa = PBXFileReference; fileEncoding = 4; lastKnownFileType = sourcecode.swift; path = "UUID+Utils.swift"; sourceTree = "<group>"; };
		513ABA381F0CA41000FE9FD0 /* SettingsTableViewController.swift */ = {isa = PBXFileReference; fileEncoding = 4; lastKnownFileType = sourcecode.swift; path = SettingsTableViewController.swift; sourceTree = "<group>"; };
		513ABA3A1F0CA61200FE9FD0 /* SettingsSectionView.xib */ = {isa = PBXFileReference; fileEncoding = 4; lastKnownFileType = file.xib; path = SettingsSectionView.xib; sourceTree = "<group>"; };
		513ABA3D1F0CA92900FE9FD0 /* SettingsSectionView.swift */ = {isa = PBXFileReference; fileEncoding = 4; lastKnownFileType = sourcecode.swift; path = SettingsSectionView.swift; sourceTree = "<group>"; };
		514AE33E1F035B97004384E6 /* Array+Utils.swift */ = {isa = PBXFileReference; fileEncoding = 4; lastKnownFileType = sourcecode.swift; path = "Array+Utils.swift"; sourceTree = "<group>"; };
		5156E0691EDE71730036E45F /* PalTableViewCell.swift */ = {isa = PBXFileReference; fileEncoding = 4; lastKnownFileType = sourcecode.swift; path = PalTableViewCell.swift; sourceTree = "<group>"; };
		5156E06B1EDE8FA30036E45F /* NetService+Utils.swift */ = {isa = PBXFileReference; fileEncoding = 4; lastKnownFileType = sourcecode.swift; path = "NetService+Utils.swift"; sourceTree = "<group>"; };
		5175FCB51ECE9F1200A28166 /* AudioPal.app */ = {isa = PBXFileReference; explicitFileType = wrapper.application; includeInIndex = 0; path = AudioPal.app; sourceTree = BUILT_PRODUCTS_DIR; };
		5175FCB81ECE9F1200A28166 /* AppDelegate.swift */ = {isa = PBXFileReference; lastKnownFileType = sourcecode.swift; path = AppDelegate.swift; sourceTree = "<group>"; };
		5175FCBD1ECE9F1200A28166 /* Base */ = {isa = PBXFileReference; lastKnownFileType = file.storyboard; name = Base; path = Base.lproj/Main.storyboard; sourceTree = "<group>"; };
		5175FCBF1ECE9F1200A28166 /* Assets.xcassets */ = {isa = PBXFileReference; lastKnownFileType = folder.assetcatalog; path = Assets.xcassets; sourceTree = "<group>"; };
		5175FCC21ECE9F1200A28166 /* Base */ = {isa = PBXFileReference; lastKnownFileType = file.storyboard; name = Base; path = Base.lproj/LaunchScreen.storyboard; sourceTree = "<group>"; };
		5175FCC41ECE9F1200A28166 /* Info.plist */ = {isa = PBXFileReference; lastKnownFileType = text.plist.xml; path = Info.plist; sourceTree = "<group>"; };
		5175FCC91ECE9F1200A28166 /* AudioPalTests.xctest */ = {isa = PBXFileReference; explicitFileType = wrapper.cfbundle; includeInIndex = 0; path = AudioPalTests.xctest; sourceTree = BUILT_PRODUCTS_DIR; };
		5175FCCD1ECE9F1200A28166 /* AudioPalTests.swift */ = {isa = PBXFileReference; lastKnownFileType = sourcecode.swift; path = AudioPalTests.swift; sourceTree = "<group>"; };
		5175FCCF1ECE9F1200A28166 /* Info.plist */ = {isa = PBXFileReference; lastKnownFileType = text.plist.xml; path = Info.plist; sourceTree = "<group>"; };
		5175FCD81ECEA1B300A28166 /* PalsTableViewController.swift */ = {isa = PBXFileReference; fileEncoding = 4; lastKnownFileType = sourcecode.swift; path = PalsTableViewController.swift; sourceTree = "<group>"; };
		5175FCDA1ECEA3D900A28166 /* Constants.swift */ = {isa = PBXFileReference; fileEncoding = 4; lastKnownFileType = sourcecode.swift; path = Constants.swift; sourceTree = "<group>"; };
		5175FCDC1ECEAF0900A28166 /* SetNameViewController.swift */ = {isa = PBXFileReference; fileEncoding = 4; lastKnownFileType = sourcecode.swift; path = SetNameViewController.swift; sourceTree = "<group>"; };
		5190CB641F0F3126003B4271 /* InfoViewController.swift */ = {isa = PBXFileReference; fileEncoding = 4; lastKnownFileType = sourcecode.swift; path = InfoViewController.swift; sourceTree = "<group>"; };
		519B8B4A1F02150F0048FB82 /* EmptyTable.xib */ = {isa = PBXFileReference; fileEncoding = 4; lastKnownFileType = file.xib; path = EmptyTable.xib; sourceTree = "<group>"; };
		519B8B4C1F0223010048FB82 /* UIImage+Utils.swift */ = {isa = PBXFileReference; fileEncoding = 4; lastKnownFileType = sourcecode.swift; path = "UIImage+Utils.swift"; sourceTree = "<group>"; };
		519D696E1ED3EC6B00271B2C /* CallManager.swift */ = {isa = PBXFileReference; fileEncoding = 4; lastKnownFileType = sourcecode.swift; path = CallManager.swift; sourceTree = "<group>"; };
		519D69701ED3EFEC00271B2C /* NearbyPal.swift */ = {isa = PBXFileReference; fileEncoding = 4; lastKnownFileType = sourcecode.swift; path = NearbyPal.swift; sourceTree = "<group>"; };
		51B44C7F1EFCC48C0041656E /* UIColor+UNTAdditions.swift */ = {isa = PBXFileReference; fileEncoding = 4; lastKnownFileType = sourcecode.swift; path = "UIColor+UNTAdditions.swift"; sourceTree = "<group>"; };
		51B813E91EF19C38007CA2EA /* CallViewController.swift */ = {isa = PBXFileReference; fileEncoding = 4; lastKnownFileType = sourcecode.swift; path = CallViewController.swift; sourceTree = "<group>"; };
		51C8EADB1EDFDA9A0029271C /* AudioPal-Bridging-Header.h */ = {isa = PBXFileReference; lastKnownFileType = sourcecode.c.h; path = "AudioPal-Bridging-Header.h"; sourceTree = "<group>"; };
		51C8EADC1EDFDA9B0029271C /* ADProcessor.h */ = {isa = PBXFileReference; fileEncoding = 4; lastKnownFileType = sourcecode.c.h; path = ADProcessor.h; sourceTree = "<group>"; };
		51C8EADD1EDFDA9B0029271C /* ADProcessor.m */ = {isa = PBXFileReference; fileEncoding = 4; lastKnownFileType = sourcecode.c.objc; path = ADProcessor.m; sourceTree = "<group>"; };
		51C8EADE1EDFDA9B0029271C /* AACELDDecoder.h */ = {isa = PBXFileReference; fileEncoding = 4; lastKnownFileType = sourcecode.c.h; path = AACELDDecoder.h; sourceTree = "<group>"; };
		51C8EADF1EDFDA9B0029271C /* AACELDDecoder.m */ = {isa = PBXFileReference; fileEncoding = 4; lastKnownFileType = sourcecode.c.objc; path = AACELDDecoder.m; sourceTree = "<group>"; };
		51C8EAE01EDFDA9B0029271C /* AACELDEncoder.h */ = {isa = PBXFileReference; fileEncoding = 4; lastKnownFileType = sourcecode.c.h; path = AACELDEncoder.h; sourceTree = "<group>"; };
		51C8EAE11EDFDA9B0029271C /* AACELDEncoder.m */ = {isa = PBXFileReference; fileEncoding = 4; lastKnownFileType = sourcecode.c.objc; path = AACELDEncoder.m; sourceTree = "<group>"; };
		51C8EAE21EDFDA9B0029271C /* EncodingUtils.hpp */ = {isa = PBXFileReference; fileEncoding = 4; lastKnownFileType = sourcecode.cpp.h; path = EncodingUtils.hpp; sourceTree = "<group>"; };
		51C8EAE31EDFDA9B0029271C /* EncodingUtils.cpp */ = {isa = PBXFileReference; fileEncoding = 4; lastKnownFileType = sourcecode.cpp.cpp; path = EncodingUtils.cpp; sourceTree = "<group>"; };
		51DAD7401F0DED66009FD695 /* BlockedPalTableViewCell.swift */ = {isa = PBXFileReference; fileEncoding = 4; lastKnownFileType = sourcecode.swift; path = BlockedPalTableViewCell.swift; sourceTree = "<group>"; };
/* End PBXFileReference section */

/* Begin PBXFrameworksBuildPhase section */
		5175FCB21ECE9F1200A28166 /* Frameworks */ = {
			isa = PBXFrameworksBuildPhase;
			buildActionMask = 2147483647;
			files = (
			);
			runOnlyForDeploymentPostprocessing = 0;
		};
		5175FCC61ECE9F1200A28166 /* Frameworks */ = {
			isa = PBXFrameworksBuildPhase;
			buildActionMask = 2147483647;
			files = (
			);
			runOnlyForDeploymentPostprocessing = 0;
		};
/* End PBXFrameworksBuildPhase section */

/* Begin PBXGroup section */
		513ABA351F0CA34B00FE9FD0 /* Utils */ = {
			isa = PBXGroup;
			children = (
				513880441EE12645008150BC /* UUID+Utils.swift */,
				5156E06B1EDE8FA30036E45F /* NetService+Utils.swift */,
				519B8B4C1F0223010048FB82 /* UIImage+Utils.swift */,
				514AE33E1F035B97004384E6 /* Array+Utils.swift */,
				51B44C7F1EFCC48C0041656E /* UIColor+UNTAdditions.swift */,
			);
			name = Utils;
			sourceTree = "<group>";
		};
		513ABA361F0CA36700FE9FD0 /* Calls */ = {
			isa = PBXGroup;
			children = (
				519D696E1ED3EC6B00271B2C /* CallManager.swift */,
				513880421EE1260A008150BC /* Call.swift */,
				519D69701ED3EFEC00271B2C /* NearbyPal.swift */,
			);
			name = Calls;
			sourceTree = "<group>";
		};
		513ABA371F0CA38200FE9FD0 /* Controllers */ = {
			isa = PBXGroup;
			children = (
				5175FCD81ECEA1B300A28166 /* PalsTableViewController.swift */,
				5175FCDC1ECEAF0900A28166 /* SetNameViewController.swift */,
				51B813E91EF19C38007CA2EA /* CallViewController.swift */,
				513ABA381F0CA41000FE9FD0 /* SettingsTableViewController.swift */,
				5190CB641F0F3126003B4271 /* InfoViewController.swift */,
			);
			name = Controllers;
			sourceTree = "<group>";
		};
		513ABA3C1F0CA8F600FE9FD0 /* Views */ = {
			isa = PBXGroup;
			children = (
				519B8B4A1F02150F0048FB82 /* EmptyTable.xib */,
				513ABA3A1F0CA61200FE9FD0 /* SettingsSectionView.xib */,
				5156E0691EDE71730036E45F /* PalTableViewCell.swift */,
				513ABA3D1F0CA92900FE9FD0 /* SettingsSectionView.swift */,
				51DAD7401F0DED66009FD695 /* BlockedPalTableViewCell.swift */,
			);
			name = Views;
			sourceTree = "<group>";
		};
		5175FCAC1ECE9F1200A28166 = {
			isa = PBXGroup;
			children = (
				5175FCB71ECE9F1200A28166 /* AudioPal */,
				5175FCCC1ECE9F1200A28166 /* AudioPalTests */,
				5175FCB61ECE9F1200A28166 /* Products */,
			);
			sourceTree = "<group>";
		};
		5175FCB61ECE9F1200A28166 /* Products */ = {
			isa = PBXGroup;
			children = (
				5175FCB51ECE9F1200A28166 /* AudioPal.app */,
				5175FCC91ECE9F1200A28166 /* AudioPalTests.xctest */,
			);
			name = Products;
			sourceTree = "<group>";
		};
		5175FCB71ECE9F1200A28166 /* AudioPal */ = {
			isa = PBXGroup;
			children = (
				513ABA3C1F0CA8F600FE9FD0 /* Views */,
				513ABA371F0CA38200FE9FD0 /* Controllers */,
				513ABA361F0CA36700FE9FD0 /* Calls */,
				513ABA351F0CA34B00FE9FD0 /* Utils */,
				51C8EADA1EDFDA870029271C /* ADProcessor */,
				5175FCB81ECE9F1200A28166 /* AppDelegate.swift */,
				51C8EADB1EDFDA9A0029271C /* AudioPal-Bridging-Header.h */,
				5175FCBC1ECE9F1200A28166 /* Main.storyboard */,
				5175FCBF1ECE9F1200A28166 /* Assets.xcassets */,
				5175FCC11ECE9F1200A28166 /* LaunchScreen.storyboard */,
				5175FCC41ECE9F1200A28166 /* Info.plist */,
				5175FCDA1ECEA3D900A28166 /* Constants.swift */,
				5131CFED1EE905C6006E99DC /* CallInteractionProvider.swift */,
			);
			path = AudioPal;
			sourceTree = "<group>";
		};
		5175FCCC1ECE9F1200A28166 /* AudioPalTests */ = {
			isa = PBXGroup;
			children = (
				5175FCCD1ECE9F1200A28166 /* AudioPalTests.swift */,
				5175FCCF1ECE9F1200A28166 /* Info.plist */,
			);
			path = AudioPalTests;
			sourceTree = "<group>";
		};
		51C8EADA1EDFDA870029271C /* ADProcessor */ = {
			isa = PBXGroup;
			children = (
				51C8EADC1EDFDA9B0029271C /* ADProcessor.h */,
				51C8EADD1EDFDA9B0029271C /* ADProcessor.m */,
				51C8EADE1EDFDA9B0029271C /* AACELDDecoder.h */,
				51C8EADF1EDFDA9B0029271C /* AACELDDecoder.m */,
				51C8EAE01EDFDA9B0029271C /* AACELDEncoder.h */,
				51C8EAE11EDFDA9B0029271C /* AACELDEncoder.m */,
				51C8EAE21EDFDA9B0029271C /* EncodingUtils.hpp */,
				51C8EAE31EDFDA9B0029271C /* EncodingUtils.cpp */,
			);
			name = ADProcessor;
			sourceTree = "<group>";
		};
/* End PBXGroup section */

/* Begin PBXNativeTarget section */
		5175FCB41ECE9F1200A28166 /* AudioPal */ = {
			isa = PBXNativeTarget;
			buildConfigurationList = 5175FCD21ECE9F1200A28166 /* Build configuration list for PBXNativeTarget "AudioPal" */;
			buildPhases = (
				5175FCB11ECE9F1200A28166 /* Sources */,
				5175FCB21ECE9F1200A28166 /* Frameworks */,
				5175FCB31ECE9F1200A28166 /* Resources */,
			);
			buildRules = (
			);
			dependencies = (
			);
			name = AudioPal;
			productName = AudioPal;
			productReference = 5175FCB51ECE9F1200A28166 /* AudioPal.app */;
			productType = "com.apple.product-type.application";
		};
		5175FCC81ECE9F1200A28166 /* AudioPalTests */ = {
			isa = PBXNativeTarget;
			buildConfigurationList = 5175FCD51ECE9F1200A28166 /* Build configuration list for PBXNativeTarget "AudioPalTests" */;
			buildPhases = (
				5175FCC51ECE9F1200A28166 /* Sources */,
				5175FCC61ECE9F1200A28166 /* Frameworks */,
				5175FCC71ECE9F1200A28166 /* Resources */,
			);
			buildRules = (
			);
			dependencies = (
				5175FCCB1ECE9F1200A28166 /* PBXTargetDependency */,
			);
			name = AudioPalTests;
			productName = AudioPalTests;
			productReference = 5175FCC91ECE9F1200A28166 /* AudioPalTests.xctest */;
			productType = "com.apple.product-type.bundle.unit-test";
		};
/* End PBXNativeTarget section */

/* Begin PBXProject section */
		5175FCAD1ECE9F1200A28166 /* Project object */ = {
			isa = PBXProject;
			attributes = {
				LastSwiftUpdateCheck = 0830;
				LastUpgradeCheck = 0830;
				ORGANIZATIONNAME = "Daniel Heredia";
				TargetAttributes = {
					5175FCB41ECE9F1200A28166 = {
						CreatedOnToolsVersion = 8.3.2;
						DevelopmentTeam = FMC5MLL736;
						LastSwiftMigration = 0830;
						ProvisioningStyle = Automatic;
						SystemCapabilities = {
							com.apple.BackgroundModes = {
								enabled = 1;
							};
						};
					};
					5175FCC81ECE9F1200A28166 = {
						CreatedOnToolsVersion = 8.3.2;
						DevelopmentTeam = FMC5MLL736;
						ProvisioningStyle = Automatic;
						TestTargetID = 5175FCB41ECE9F1200A28166;
					};
				};
			};
			buildConfigurationList = 5175FCB01ECE9F1200A28166 /* Build configuration list for PBXProject "AudioPal" */;
			compatibilityVersion = "Xcode 3.2";
			developmentRegion = English;
			hasScannedForEncodings = 0;
			knownRegions = (
				en,
				Base,
			);
			mainGroup = 5175FCAC1ECE9F1200A28166;
			productRefGroup = 5175FCB61ECE9F1200A28166 /* Products */;
			projectDirPath = "";
			projectRoot = "";
			targets = (
				5175FCB41ECE9F1200A28166 /* AudioPal */,
				5175FCC81ECE9F1200A28166 /* AudioPalTests */,
			);
		};
/* End PBXProject section */

/* Begin PBXResourcesBuildPhase section */
		5175FCB31ECE9F1200A28166 /* Resources */ = {
			isa = PBXResourcesBuildPhase;
			buildActionMask = 2147483647;
			files = (
				5175FCC31ECE9F1200A28166 /* LaunchScreen.storyboard in Resources */,
				5175FCC01ECE9F1200A28166 /* Assets.xcassets in Resources */,
				513ABA3B1F0CA61200FE9FD0 /* SettingsSectionView.xib in Resources */,
				519B8B4B1F02150F0048FB82 /* EmptyTable.xib in Resources */,
				5175FCBE1ECE9F1200A28166 /* Main.storyboard in Resources */,
			);
			runOnlyForDeploymentPostprocessing = 0;
		};
		5175FCC71ECE9F1200A28166 /* Resources */ = {
			isa = PBXResourcesBuildPhase;
			buildActionMask = 2147483647;
			files = (
			);
			runOnlyForDeploymentPostprocessing = 0;
		};
/* End PBXResourcesBuildPhase section */

/* Begin PBXSourcesBuildPhase section */
		5175FCB11ECE9F1200A28166 /* Sources */ = {
			isa = PBXSourcesBuildPhase;
			buildActionMask = 2147483647;
			files = (
				5175FCB91ECE9F1200A28166 /* AppDelegate.swift in Sources */,
				5175FCD91ECEA1B300A28166 /* PalsTableViewController.swift in Sources */,
				5175FCDD1ECEAF0900A28166 /* SetNameViewController.swift in Sources */,
				5175FCDB1ECEA3D900A28166 /* Constants.swift in Sources */,
				51B44C801EFCC48C0041656E /* UIColor+UNTAdditions.swift in Sources */,
				513880451EE12645008150BC /* UUID+Utils.swift in Sources */,
				513ABA3E1F0CA92900FE9FD0 /* SettingsSectionView.swift in Sources */,
				513880431EE1260A008150BC /* Call.swift in Sources */,
				51DAD7411F0DED66009FD695 /* BlockedPalTableViewCell.swift in Sources */,
				5131CFEE1EE905C6006E99DC /* CallInteractionProvider.swift in Sources */,
				519D69711ED3EFEC00271B2C /* NearbyPal.swift in Sources */,
				5156E06C1EDE8FA30036E45F /* NetService+Utils.swift in Sources */,
				51C8EAE61EDFDA9B0029271C /* AACELDEncoder.m in Sources */,
				519B8B4D1F0223010048FB82 /* UIImage+Utils.swift in Sources */,
				51C8EAE51EDFDA9B0029271C /* AACELDDecoder.m in Sources */,
				5156E06A1EDE71730036E45F /* PalTableViewCell.swift in Sources */,
				51C8EAE41EDFDA9B0029271C /* ADProcessor.m in Sources */,
				51C8EAE71EDFDA9B0029271C /* EncodingUtils.cpp in Sources */,
				513ABA391F0CA41000FE9FD0 /* SettingsTableViewController.swift in Sources */,
				51B813EA1EF19C38007CA2EA /* CallViewController.swift in Sources */,
				514AE33F1F035B97004384E6 /* Array+Utils.swift in Sources */,
				519D696F1ED3EC6B00271B2C /* CallManager.swift in Sources */,
				5190CB651F0F3126003B4271 /* InfoViewController.swift in Sources */,
			);
			runOnlyForDeploymentPostprocessing = 0;
		};
		5175FCC51ECE9F1200A28166 /* Sources */ = {
			isa = PBXSourcesBuildPhase;
			buildActionMask = 2147483647;
			files = (
				5175FCCE1ECE9F1200A28166 /* AudioPalTests.swift in Sources */,
			);
			runOnlyForDeploymentPostprocessing = 0;
		};
/* End PBXSourcesBuildPhase section */

/* Begin PBXTargetDependency section */
		5175FCCB1ECE9F1200A28166 /* PBXTargetDependency */ = {
			isa = PBXTargetDependency;
			target = 5175FCB41ECE9F1200A28166 /* AudioPal */;
			targetProxy = 5175FCCA1ECE9F1200A28166 /* PBXContainerItemProxy */;
		};
/* End PBXTargetDependency section */

/* Begin PBXVariantGroup section */
		5175FCBC1ECE9F1200A28166 /* Main.storyboard */ = {
			isa = PBXVariantGroup;
			children = (
				5175FCBD1ECE9F1200A28166 /* Base */,
			);
			name = Main.storyboard;
			sourceTree = "<group>";
		};
		5175FCC11ECE9F1200A28166 /* LaunchScreen.storyboard */ = {
			isa = PBXVariantGroup;
			children = (
				5175FCC21ECE9F1200A28166 /* Base */,
			);
			name = LaunchScreen.storyboard;
			sourceTree = "<group>";
		};
/* End PBXVariantGroup section */

/* Begin XCBuildConfiguration section */
		5175FCD01ECE9F1200A28166 /* Debug */ = {
			isa = XCBuildConfiguration;
			buildSettings = {
				ALWAYS_SEARCH_USER_PATHS = NO;
				CLANG_ANALYZER_NONNULL = YES;
				CLANG_ANALYZER_NUMBER_OBJECT_CONVERSION = YES_AGGRESSIVE;
				CLANG_CXX_LANGUAGE_STANDARD = "gnu++0x";
				CLANG_CXX_LIBRARY = "libc++";
				CLANG_ENABLE_MODULES = YES;
				CLANG_ENABLE_OBJC_ARC = YES;
				CLANG_WARN_BOOL_CONVERSION = YES;
				CLANG_WARN_CONSTANT_CONVERSION = YES;
				CLANG_WARN_DIRECT_OBJC_ISA_USAGE = YES_ERROR;
				CLANG_WARN_DOCUMENTATION_COMMENTS = YES;
				CLANG_WARN_EMPTY_BODY = YES;
				CLANG_WARN_ENUM_CONVERSION = YES;
				CLANG_WARN_INFINITE_RECURSION = YES;
				CLANG_WARN_INT_CONVERSION = YES;
				CLANG_WARN_OBJC_ROOT_CLASS = YES_ERROR;
				CLANG_WARN_SUSPICIOUS_MOVE = YES;
				CLANG_WARN_UNREACHABLE_CODE = YES;
				CLANG_WARN__DUPLICATE_METHOD_MATCH = YES;
				"CODE_SIGN_IDENTITY[sdk=iphoneos*]" = "iPhone Developer";
				COPY_PHASE_STRIP = NO;
				DEBUG_INFORMATION_FORMAT = dwarf;
				ENABLE_STRICT_OBJC_MSGSEND = YES;
				ENABLE_TESTABILITY = YES;
				GCC_C_LANGUAGE_STANDARD = gnu99;
				GCC_DYNAMIC_NO_PIC = NO;
				GCC_NO_COMMON_BLOCKS = YES;
				GCC_OPTIMIZATION_LEVEL = 0;
				GCC_PREPROCESSOR_DEFINITIONS = (
					"DEBUG=1",
					"$(inherited)",
				);
				GCC_WARN_64_TO_32_BIT_CONVERSION = YES;
				GCC_WARN_ABOUT_RETURN_TYPE = YES_ERROR;
				GCC_WARN_UNDECLARED_SELECTOR = YES;
				GCC_WARN_UNINITIALIZED_AUTOS = YES_AGGRESSIVE;
				GCC_WARN_UNUSED_FUNCTION = YES;
				GCC_WARN_UNUSED_VARIABLE = YES;
				IPHONEOS_DEPLOYMENT_TARGET = 10.3;
				MTL_ENABLE_DEBUG_INFO = YES;
				ONLY_ACTIVE_ARCH = YES;
				SDKROOT = iphoneos;
				SWIFT_ACTIVE_COMPILATION_CONDITIONS = DEBUG;
				SWIFT_OPTIMIZATION_LEVEL = "-Onone";
				TARGETED_DEVICE_FAMILY = "1,2";
			};
			name = Debug;
		};
		5175FCD11ECE9F1200A28166 /* Release */ = {
			isa = XCBuildConfiguration;
			buildSettings = {
				ALWAYS_SEARCH_USER_PATHS = NO;
				CLANG_ANALYZER_NONNULL = YES;
				CLANG_ANALYZER_NUMBER_OBJECT_CONVERSION = YES_AGGRESSIVE;
				CLANG_CXX_LANGUAGE_STANDARD = "gnu++0x";
				CLANG_CXX_LIBRARY = "libc++";
				CLANG_ENABLE_MODULES = YES;
				CLANG_ENABLE_OBJC_ARC = YES;
				CLANG_WARN_BOOL_CONVERSION = YES;
				CLANG_WARN_CONSTANT_CONVERSION = YES;
				CLANG_WARN_DIRECT_OBJC_ISA_USAGE = YES_ERROR;
				CLANG_WARN_DOCUMENTATION_COMMENTS = YES;
				CLANG_WARN_EMPTY_BODY = YES;
				CLANG_WARN_ENUM_CONVERSION = YES;
				CLANG_WARN_INFINITE_RECURSION = YES;
				CLANG_WARN_INT_CONVERSION = YES;
				CLANG_WARN_OBJC_ROOT_CLASS = YES_ERROR;
				CLANG_WARN_SUSPICIOUS_MOVE = YES;
				CLANG_WARN_UNREACHABLE_CODE = YES;
				CLANG_WARN__DUPLICATE_METHOD_MATCH = YES;
				"CODE_SIGN_IDENTITY[sdk=iphoneos*]" = "iPhone Developer";
				COPY_PHASE_STRIP = NO;
				DEBUG_INFORMATION_FORMAT = "dwarf-with-dsym";
				ENABLE_NS_ASSERTIONS = NO;
				ENABLE_STRICT_OBJC_MSGSEND = YES;
				GCC_C_LANGUAGE_STANDARD = gnu99;
				GCC_NO_COMMON_BLOCKS = YES;
				GCC_WARN_64_TO_32_BIT_CONVERSION = YES;
				GCC_WARN_ABOUT_RETURN_TYPE = YES_ERROR;
				GCC_WARN_UNDECLARED_SELECTOR = YES;
				GCC_WARN_UNINITIALIZED_AUTOS = YES_AGGRESSIVE;
				GCC_WARN_UNUSED_FUNCTION = YES;
				GCC_WARN_UNUSED_VARIABLE = YES;
				IPHONEOS_DEPLOYMENT_TARGET = 10.3;
				MTL_ENABLE_DEBUG_INFO = NO;
				SDKROOT = iphoneos;
				SWIFT_OPTIMIZATION_LEVEL = "-Owholemodule";
				TARGETED_DEVICE_FAMILY = "1,2";
				VALIDATE_PRODUCT = YES;
			};
			name = Release;
		};
		5175FCD31ECE9F1200A28166 /* Debug */ = {
			isa = XCBuildConfiguration;
			buildSettings = {
				ASSETCATALOG_COMPILER_APPICON_NAME = AppIcon;
				CLANG_ENABLE_MODULES = YES;
				DEVELOPMENT_TEAM = FMC5MLL736;
				INFOPLIST_FILE = AudioPal/Info.plist;
				IPHONEOS_DEPLOYMENT_TARGET = 10.0;
				LD_RUNPATH_SEARCH_PATHS = "$(inherited) @executable_path/Frameworks";
				PRODUCT_BUNDLE_IDENTIFIER = org.mistercyb.audiopal.AudioPal;
				PRODUCT_NAME = "$(TARGET_NAME)";
				SWIFT_OBJC_BRIDGING_HEADER = "AudioPal/AudioPal-Bridging-Header.h";
				SWIFT_OPTIMIZATION_LEVEL = "-Onone";
				SWIFT_VERSION = 3.0;
				TARGETED_DEVICE_FAMILY = "1,2";
			};
			name = Debug;
		};
		5175FCD41ECE9F1200A28166 /* Release */ = {
			isa = XCBuildConfiguration;
			buildSettings = {
				ASSETCATALOG_COMPILER_APPICON_NAME = AppIcon;
				CLANG_ENABLE_MODULES = YES;
				DEVELOPMENT_TEAM = FMC5MLL736;
				INFOPLIST_FILE = AudioPal/Info.plist;
				IPHONEOS_DEPLOYMENT_TARGET = 10.0;
				LD_RUNPATH_SEARCH_PATHS = "$(inherited) @executable_path/Frameworks";
				PRODUCT_BUNDLE_IDENTIFIER = org.mistercyb.audiopal.AudioPal;
				PRODUCT_NAME = "$(TARGET_NAME)";
				SWIFT_OBJC_BRIDGING_HEADER = "AudioPal/AudioPal-Bridging-Header.h";
				SWIFT_VERSION = 3.0;
				TARGETED_DEVICE_FAMILY = "1,2";
			};
			name = Release;
		};
		5175FCD61ECE9F1200A28166 /* Debug */ = {
			isa = XCBuildConfiguration;
			buildSettings = {
				ALWAYS_EMBED_SWIFT_STANDARD_LIBRARIES = YES;
				BUNDLE_LOADER = "$(TEST_HOST)";
				DEVELOPMENT_TEAM = FMC5MLL736;
				INFOPLIST_FILE = AudioPalTests/Info.plist;
				LD_RUNPATH_SEARCH_PATHS = "$(inherited) @executable_path/Frameworks @loader_path/Frameworks";
				PRODUCT_BUNDLE_IDENTIFIER = org.mistercyb.audiopal.AudioPalTests;
				PRODUCT_NAME = "$(TARGET_NAME)";
				SWIFT_VERSION = 3.0;
				TEST_HOST = "$(BUILT_PRODUCTS_DIR)/AudioPal.app/AudioPal";
			};
			name = Debug;
		};
		5175FCD71ECE9F1200A28166 /* Release */ = {
			isa = XCBuildConfiguration;
			buildSettings = {
				ALWAYS_EMBED_SWIFT_STANDARD_LIBRARIES = YES;
				BUNDLE_LOADER = "$(TEST_HOST)";
				DEVELOPMENT_TEAM = FMC5MLL736;
				INFOPLIST_FILE = AudioPalTests/Info.plist;
				LD_RUNPATH_SEARCH_PATHS = "$(inherited) @executable_path/Frameworks @loader_path/Frameworks";
				PRODUCT_BUNDLE_IDENTIFIER = org.mistercyb.audiopal.AudioPalTests;
				PRODUCT_NAME = "$(TARGET_NAME)";
				SWIFT_VERSION = 3.0;
				TEST_HOST = "$(BUILT_PRODUCTS_DIR)/AudioPal.app/AudioPal";
			};
			name = Release;
		};
/* End XCBuildConfiguration section */

/* Begin XCConfigurationList section */
		5175FCB01ECE9F1200A28166 /* Build configuration list for PBXProject "AudioPal" */ = {
			isa = XCConfigurationList;
			buildConfigurations = (
				5175FCD01ECE9F1200A28166 /* Debug */,
				5175FCD11ECE9F1200A28166 /* Release */,
			);
			defaultConfigurationIsVisible = 0;
			defaultConfigurationName = Release;
		};
		5175FCD21ECE9F1200A28166 /* Build configuration list for PBXNativeTarget "AudioPal" */ = {
			isa = XCConfigurationList;
			buildConfigurations = (
				5175FCD31ECE9F1200A28166 /* Debug */,
				5175FCD41ECE9F1200A28166 /* Release */,
			);
			defaultConfigurationIsVisible = 0;
			defaultConfigurationName = Release;
		};
		5175FCD51ECE9F1200A28166 /* Build configuration list for PBXNativeTarget "AudioPalTests" */ = {
			isa = XCConfigurationList;
			buildConfigurations = (
				5175FCD61ECE9F1200A28166 /* Debug */,
				5175FCD71ECE9F1200A28166 /* Release */,
			);
			defaultConfigurationIsVisible = 0;
			defaultConfigurationName = Release;
		};
/* End XCConfigurationList section */
	};
	rootObject = 5175FCAD1ECE9F1200A28166 /* Project object */;
}
